// !$*UTF8*$!
{
	archiveVersion = 1;
	classes = {
	};
	objectVersion = 55;
	objects = {

/* Begin PBXBuildFile section */
		5BA459102808279400E117F7 /* AppDelegate.swift in Sources */ = {isa = PBXBuildFile; fileRef = 5BA4590F2808279400E117F7 /* AppDelegate.swift */; };
		5BA459122808279400E117F7 /* SceneDelegate.swift in Sources */ = {isa = PBXBuildFile; fileRef = 5BA459112808279400E117F7 /* SceneDelegate.swift */; };
		5BA459192808279600E117F7 /* Assets.xcassets in Resources */ = {isa = PBXBuildFile; fileRef = 5BA459182808279600E117F7 /* Assets.xcassets */; };
		5BA4591C2808279600E117F7 /* LaunchScreen.storyboard in Resources */ = {isa = PBXBuildFile; fileRef = 5BA4591A2808279600E117F7 /* LaunchScreen.storyboard */; };
		5BA459272808279600E117F7 /* quadrantAssignmentTests.swift in Sources */ = {isa = PBXBuildFile; fileRef = 5BA459262808279600E117F7 /* quadrantAssignmentTests.swift */; };
		5BA459312808279600E117F7 /* quadrantAssignmentUITests.swift in Sources */ = {isa = PBXBuildFile; fileRef = 5BA459302808279600E117F7 /* quadrantAssignmentUITests.swift */; };
		5BA459332808279600E117F7 /* quadrantAssignmentUITestsLaunchTests.swift in Sources */ = {isa = PBXBuildFile; fileRef = 5BA459322808279600E117F7 /* quadrantAssignmentUITestsLaunchTests.swift */; };
		5BA4594128084ACD00E117F7 /* DashboardConfigurator.swift in Sources */ = {isa = PBXBuildFile; fileRef = 5BA4594028084ACD00E117F7 /* DashboardConfigurator.swift */; };
		5BA4594928084B4F00E117F7 /* DashboardPresenter.swift in Sources */ = {isa = PBXBuildFile; fileRef = 5BA4594428084B4F00E117F7 /* DashboardPresenter.swift */; };
		5BA4594A28084B4F00E117F7 /* DashboardRouter.swift in Sources */ = {isa = PBXBuildFile; fileRef = 5BA4594528084B4F00E117F7 /* DashboardRouter.swift */; };
		5BA4594B28084B4F00E117F7 /* DashboardViewController.swift in Sources */ = {isa = PBXBuildFile; fileRef = 5BA4594628084B4F00E117F7 /* DashboardViewController.swift */; };
		5BA4594C28084B4F00E117F7 /* DashboardInteractor.swift in Sources */ = {isa = PBXBuildFile; fileRef = 5BA4594728084B4F00E117F7 /* DashboardInteractor.swift */; };
		5BA4594D28084B4F00E117F7 /* DashboardProtocol.swift in Sources */ = {isa = PBXBuildFile; fileRef = 5BA4594828084B4F00E117F7 /* DashboardProtocol.swift */; };
		5BA459502809074500E117F7 /* CurrentPriceResponse.swift in Sources */ = {isa = PBXBuildFile; fileRef = 5BA4594F2809074500E117F7 /* CurrentPriceResponse.swift */; };
		5BA45952280907A200E117F7 /* ErrorResponse.swift in Sources */ = {isa = PBXBuildFile; fileRef = 5BA45951280907A200E117F7 /* ErrorResponse.swift */; };
		5BA4595428090B2500E117F7 /* DashboardViewController.xib in Resources */ = {isa = PBXBuildFile; fileRef = 5BA4595328090B2500E117F7 /* DashboardViewController.xib */; };
		5BA459572809245100E117F7 /* DataService.swift in Sources */ = {isa = PBXBuildFile; fileRef = 5BA459562809245100E117F7 /* DataService.swift */; };
		5BA459592809247200E117F7 /* LocationService.swift in Sources */ = {isa = PBXBuildFile; fileRef = 5BA459582809247200E117F7 /* LocationService.swift */; };
		5BA4595B280927E300E117F7 /* DashboardService.swift in Sources */ = {isa = PBXBuildFile; fileRef = 5BA4595A280927E300E117F7 /* DashboardService.swift */; };
		5BA4595D280929AB00E117F7 /* NetworkService.swift in Sources */ = {isa = PBXBuildFile; fileRef = 5BA4595C280929AB00E117F7 /* NetworkService.swift */; };
		5BA45960280929F900E117F7 /* NetworkError.swift in Sources */ = {isa = PBXBuildFile; fileRef = 5BA4595F280929F900E117F7 /* NetworkError.swift */; };
		5BA4596328092BBA00E117F7 /* DashboardWorker.swift in Sources */ = {isa = PBXBuildFile; fileRef = 5BA4596228092BBA00E117F7 /* DashboardWorker.swift */; };
		5BA4596528092BC700E117F7 /* DashboardWorkerProtocol.swift in Sources */ = {isa = PBXBuildFile; fileRef = 5BA4596428092BC700E117F7 /* DashboardWorkerProtocol.swift */; };
		5BA459682809A62C00E117F7 /* AppConstant.swift in Sources */ = {isa = PBXBuildFile; fileRef = 5BA459672809A62C00E117F7 /* AppConstant.swift */; };
		5BA4596A2809A6D500E117F7 /* AppSetting.swift in Sources */ = {isa = PBXBuildFile; fileRef = 5BA459692809A6D500E117F7 /* AppSetting.swift */; };
		5BA4596E2809AF4C00E117F7 /* DashboardTableViewCell.swift in Sources */ = {isa = PBXBuildFile; fileRef = 5BA4596C2809AF4C00E117F7 /* DashboardTableViewCell.swift */; };
		5BA4596F2809AF4C00E117F7 /* DashboardTableViewCell.xib in Resources */ = {isa = PBXBuildFile; fileRef = 5BA4596D2809AF4C00E117F7 /* DashboardTableViewCell.xib */; };
		5BA459722809B86B00E117F7 /* PriceIndex.swift in Sources */ = {isa = PBXBuildFile; fileRef = 5BA459712809B86B00E117F7 /* PriceIndex.swift */; };
		5BA459742809BE8700E117F7 /* DateFormattingConstant.swift in Sources */ = {isa = PBXBuildFile; fileRef = 5BA459732809BE8700E117F7 /* DateFormattingConstant.swift */; };
		5BA459772809BEF000E117F7 /* String.swift in Sources */ = {isa = PBXBuildFile; fileRef = 5BA459762809BEF000E117F7 /* String.swift */; };
		C1B95F01564D4CF6FFD6FD7D /* Pods_quadrantAssignmentTests.framework in Frameworks */ = {isa = PBXBuildFile; fileRef = FA1DD1E6D2602BE06353A7D4 /* Pods_quadrantAssignmentTests.framework */; };
		EA5E5FD542C13C0EE39B20E9 /* Pods_quadrantAssignment.framework in Frameworks */ = {isa = PBXBuildFile; fileRef = 9DAB69C666367E5AABEC2B28 /* Pods_quadrantAssignment.framework */; };
		EF9D00A5674E5EDC9EAB15C2 /* Pods_quadrantAssignment_quadrantAssignmentUITests.framework in Frameworks */ = {isa = PBXBuildFile; fileRef = 40E75BC6CCB15EB48BD191C8 /* Pods_quadrantAssignment_quadrantAssignmentUITests.framework */; };
/* End PBXBuildFile section */

/* Begin PBXContainerItemProxy section */
		5BA459232808279600E117F7 /* PBXContainerItemProxy */ = {
			isa = PBXContainerItemProxy;
			containerPortal = 5BA459042808279400E117F7 /* Project object */;
			proxyType = 1;
			remoteGlobalIDString = 5BA4590B2808279400E117F7;
			remoteInfo = quadrantAssignment;
		};
		5BA4592D2808279600E117F7 /* PBXContainerItemProxy */ = {
			isa = PBXContainerItemProxy;
			containerPortal = 5BA459042808279400E117F7 /* Project object */;
			proxyType = 1;
			remoteGlobalIDString = 5BA4590B2808279400E117F7;
			remoteInfo = quadrantAssignment;
		};
/* End PBXContainerItemProxy section */

/* Begin PBXFileReference section */
		051EF6A4DE1E3D9104DB19A4 /* Pods-quadrantAssignment-quadrantAssignmentUITests.release.xcconfig */ = {isa = PBXFileReference; includeInIndex = 1; lastKnownFileType = text.xcconfig; name = "Pods-quadrantAssignment-quadrantAssignmentUITests.release.xcconfig"; path = "Target Support Files/Pods-quadrantAssignment-quadrantAssignmentUITests/Pods-quadrantAssignment-quadrantAssignmentUITests.release.xcconfig"; sourceTree = "<group>"; };
		0976044C5C9CCA084BC4E846 /* Pods-quadrantAssignment-quadrantAssignmentUITests.debug.xcconfig */ = {isa = PBXFileReference; includeInIndex = 1; lastKnownFileType = text.xcconfig; name = "Pods-quadrantAssignment-quadrantAssignmentUITests.debug.xcconfig"; path = "Target Support Files/Pods-quadrantAssignment-quadrantAssignmentUITests/Pods-quadrantAssignment-quadrantAssignmentUITests.debug.xcconfig"; sourceTree = "<group>"; };
		163CB3D6D7F565F6CB7D67A9 /* Pods-quadrantAssignment.release.xcconfig */ = {isa = PBXFileReference; includeInIndex = 1; lastKnownFileType = text.xcconfig; name = "Pods-quadrantAssignment.release.xcconfig"; path = "Target Support Files/Pods-quadrantAssignment/Pods-quadrantAssignment.release.xcconfig"; sourceTree = "<group>"; };
		40E75BC6CCB15EB48BD191C8 /* Pods_quadrantAssignment_quadrantAssignmentUITests.framework */ = {isa = PBXFileReference; explicitFileType = wrapper.framework; includeInIndex = 0; path = Pods_quadrantAssignment_quadrantAssignmentUITests.framework; sourceTree = BUILT_PRODUCTS_DIR; };
		5BA4590C2808279400E117F7 /* quadrantAssignment.app */ = {isa = PBXFileReference; explicitFileType = wrapper.application; includeInIndex = 0; path = quadrantAssignment.app; sourceTree = BUILT_PRODUCTS_DIR; };
		5BA4590F2808279400E117F7 /* AppDelegate.swift */ = {isa = PBXFileReference; lastKnownFileType = sourcecode.swift; path = AppDelegate.swift; sourceTree = "<group>"; };
		5BA459112808279400E117F7 /* SceneDelegate.swift */ = {isa = PBXFileReference; lastKnownFileType = sourcecode.swift; path = SceneDelegate.swift; sourceTree = "<group>"; };
		5BA459182808279600E117F7 /* Assets.xcassets */ = {isa = PBXFileReference; lastKnownFileType = folder.assetcatalog; path = Assets.xcassets; sourceTree = "<group>"; };
		5BA4591B2808279600E117F7 /* Base */ = {isa = PBXFileReference; lastKnownFileType = file.storyboard; name = Base; path = Base.lproj/LaunchScreen.storyboard; sourceTree = "<group>"; };
		5BA4591D2808279600E117F7 /* Info.plist */ = {isa = PBXFileReference; lastKnownFileType = text.plist.xml; path = Info.plist; sourceTree = "<group>"; };
		5BA459222808279600E117F7 /* quadrantAssignmentTests.xctest */ = {isa = PBXFileReference; explicitFileType = wrapper.cfbundle; includeInIndex = 0; path = quadrantAssignmentTests.xctest; sourceTree = BUILT_PRODUCTS_DIR; };
		5BA459262808279600E117F7 /* quadrantAssignmentTests.swift */ = {isa = PBXFileReference; lastKnownFileType = sourcecode.swift; path = quadrantAssignmentTests.swift; sourceTree = "<group>"; };
		5BA4592C2808279600E117F7 /* quadrantAssignmentUITests.xctest */ = {isa = PBXFileReference; explicitFileType = wrapper.cfbundle; includeInIndex = 0; path = quadrantAssignmentUITests.xctest; sourceTree = BUILT_PRODUCTS_DIR; };
		5BA459302808279600E117F7 /* quadrantAssignmentUITests.swift */ = {isa = PBXFileReference; lastKnownFileType = sourcecode.swift; path = quadrantAssignmentUITests.swift; sourceTree = "<group>"; };
		5BA459322808279600E117F7 /* quadrantAssignmentUITestsLaunchTests.swift */ = {isa = PBXFileReference; lastKnownFileType = sourcecode.swift; path = quadrantAssignmentUITestsLaunchTests.swift; sourceTree = "<group>"; };
		5BA4594028084ACD00E117F7 /* DashboardConfigurator.swift */ = {isa = PBXFileReference; lastKnownFileType = sourcecode.swift; path = DashboardConfigurator.swift; sourceTree = "<group>"; };
		5BA4594428084B4F00E117F7 /* DashboardPresenter.swift */ = {isa = PBXFileReference; lastKnownFileType = sourcecode.swift; path = DashboardPresenter.swift; sourceTree = "<group>"; };
		5BA4594528084B4F00E117F7 /* DashboardRouter.swift */ = {isa = PBXFileReference; lastKnownFileType = sourcecode.swift; path = DashboardRouter.swift; sourceTree = "<group>"; };
		5BA4594628084B4F00E117F7 /* DashboardViewController.swift */ = {isa = PBXFileReference; lastKnownFileType = sourcecode.swift; path = DashboardViewController.swift; sourceTree = "<group>"; };
		5BA4594728084B4F00E117F7 /* DashboardInteractor.swift */ = {isa = PBXFileReference; lastKnownFileType = sourcecode.swift; path = DashboardInteractor.swift; sourceTree = "<group>"; };
		5BA4594828084B4F00E117F7 /* DashboardProtocol.swift */ = {isa = PBXFileReference; lastKnownFileType = sourcecode.swift; path = DashboardProtocol.swift; sourceTree = "<group>"; };
		5BA4594F2809074500E117F7 /* CurrentPriceResponse.swift */ = {isa = PBXFileReference; lastKnownFileType = sourcecode.swift; path = CurrentPriceResponse.swift; sourceTree = "<group>"; };
		5BA45951280907A200E117F7 /* ErrorResponse.swift */ = {isa = PBXFileReference; lastKnownFileType = sourcecode.swift; path = ErrorResponse.swift; sourceTree = "<group>"; };
		5BA4595328090B2500E117F7 /* DashboardViewController.xib */ = {isa = PBXFileReference; lastKnownFileType = file.xib; path = DashboardViewController.xib; sourceTree = "<group>"; };
		5BA459562809245100E117F7 /* DataService.swift */ = {isa = PBXFileReference; lastKnownFileType = sourcecode.swift; path = DataService.swift; sourceTree = "<group>"; };
		5BA459582809247200E117F7 /* LocationService.swift */ = {isa = PBXFileReference; lastKnownFileType = sourcecode.swift; path = LocationService.swift; sourceTree = "<group>"; };
		5BA4595A280927E300E117F7 /* DashboardService.swift */ = {isa = PBXFileReference; lastKnownFileType = sourcecode.swift; path = DashboardService.swift; sourceTree = "<group>"; };
		5BA4595C280929AB00E117F7 /* NetworkService.swift */ = {isa = PBXFileReference; lastKnownFileType = sourcecode.swift; path = NetworkService.swift; sourceTree = "<group>"; };
		5BA4595F280929F900E117F7 /* NetworkError.swift */ = {isa = PBXFileReference; lastKnownFileType = sourcecode.swift; path = NetworkError.swift; sourceTree = "<group>"; };
		5BA4596228092BBA00E117F7 /* DashboardWorker.swift */ = {isa = PBXFileReference; lastKnownFileType = sourcecode.swift; path = DashboardWorker.swift; sourceTree = "<group>"; };
		5BA4596428092BC700E117F7 /* DashboardWorkerProtocol.swift */ = {isa = PBXFileReference; lastKnownFileType = sourcecode.swift; path = DashboardWorkerProtocol.swift; sourceTree = "<group>"; };
		5BA459672809A62C00E117F7 /* AppConstant.swift */ = {isa = PBXFileReference; lastKnownFileType = sourcecode.swift; path = AppConstant.swift; sourceTree = "<group>"; };
		5BA459692809A6D500E117F7 /* AppSetting.swift */ = {isa = PBXFileReference; lastKnownFileType = sourcecode.swift; path = AppSetting.swift; sourceTree = "<group>"; };
		5BA4596C2809AF4C00E117F7 /* DashboardTableViewCell.swift */ = {isa = PBXFileReference; lastKnownFileType = sourcecode.swift; path = DashboardTableViewCell.swift; sourceTree = "<group>"; };
		5BA4596D2809AF4C00E117F7 /* DashboardTableViewCell.xib */ = {isa = PBXFileReference; lastKnownFileType = file.xib; path = DashboardTableViewCell.xib; sourceTree = "<group>"; };
		5BA459712809B86B00E117F7 /* PriceIndex.swift */ = {isa = PBXFileReference; lastKnownFileType = sourcecode.swift; path = PriceIndex.swift; sourceTree = "<group>"; };
		5BA459732809BE8700E117F7 /* DateFormattingConstant.swift */ = {isa = PBXFileReference; lastKnownFileType = sourcecode.swift; path = DateFormattingConstant.swift; sourceTree = "<group>"; };
		5BA459762809BEF000E117F7 /* String.swift */ = {isa = PBXFileReference; lastKnownFileType = sourcecode.swift; path = String.swift; sourceTree = "<group>"; };
		616016EB7C45DE227142556D /* Pods-quadrantAssignmentTests.debug.xcconfig */ = {isa = PBXFileReference; includeInIndex = 1; lastKnownFileType = text.xcconfig; name = "Pods-quadrantAssignmentTests.debug.xcconfig"; path = "Target Support Files/Pods-quadrantAssignmentTests/Pods-quadrantAssignmentTests.debug.xcconfig"; sourceTree = "<group>"; };
		6D188983BD099BCD72AC50B2 /* Pods-quadrantAssignment.debug.xcconfig */ = {isa = PBXFileReference; includeInIndex = 1; lastKnownFileType = text.xcconfig; name = "Pods-quadrantAssignment.debug.xcconfig"; path = "Target Support Files/Pods-quadrantAssignment/Pods-quadrantAssignment.debug.xcconfig"; sourceTree = "<group>"; };
		9DAB69C666367E5AABEC2B28 /* Pods_quadrantAssignment.framework */ = {isa = PBXFileReference; explicitFileType = wrapper.framework; includeInIndex = 0; path = Pods_quadrantAssignment.framework; sourceTree = BUILT_PRODUCTS_DIR; };
		AA8AA7F9ABB9035BE597F3EB /* Pods-quadrantAssignmentTests.release.xcconfig */ = {isa = PBXFileReference; includeInIndex = 1; lastKnownFileType = text.xcconfig; name = "Pods-quadrantAssignmentTests.release.xcconfig"; path = "Target Support Files/Pods-quadrantAssignmentTests/Pods-quadrantAssignmentTests.release.xcconfig"; sourceTree = "<group>"; };
		FA1DD1E6D2602BE06353A7D4 /* Pods_quadrantAssignmentTests.framework */ = {isa = PBXFileReference; explicitFileType = wrapper.framework; includeInIndex = 0; path = Pods_quadrantAssignmentTests.framework; sourceTree = BUILT_PRODUCTS_DIR; };
/* End PBXFileReference section */

/* Begin PBXFrameworksBuildPhase section */
		5BA459092808279400E117F7 /* Frameworks */ = {
			isa = PBXFrameworksBuildPhase;
			buildActionMask = 2147483647;
			files = (
				EA5E5FD542C13C0EE39B20E9 /* Pods_quadrantAssignment.framework in Frameworks */,
			);
			runOnlyForDeploymentPostprocessing = 0;
		};
		5BA4591F2808279600E117F7 /* Frameworks */ = {
			isa = PBXFrameworksBuildPhase;
			buildActionMask = 2147483647;
			files = (
				C1B95F01564D4CF6FFD6FD7D /* Pods_quadrantAssignmentTests.framework in Frameworks */,
			);
			runOnlyForDeploymentPostprocessing = 0;
		};
		5BA459292808279600E117F7 /* Frameworks */ = {
			isa = PBXFrameworksBuildPhase;
			buildActionMask = 2147483647;
			files = (
				EF9D00A5674E5EDC9EAB15C2 /* Pods_quadrantAssignment_quadrantAssignmentUITests.framework in Frameworks */,
			);
			runOnlyForDeploymentPostprocessing = 0;
		};
/* End PBXFrameworksBuildPhase section */

/* Begin PBXGroup section */
		5BA459032808279400E117F7 = {
			isa = PBXGroup;
			children = (
				5BA4590E2808279400E117F7 /* quadrantAssignment */,
				5BA459252808279600E117F7 /* quadrantAssignmentTests */,
				5BA4592F2808279600E117F7 /* quadrantAssignmentUITests */,
				5BA4590D2808279400E117F7 /* Products */,
				A1BFDE4286AD091CDD83F037 /* Pods */,
				E0027D8F3BB55C0617651365 /* Frameworks */,
			);
			sourceTree = "<group>";
		};
		5BA4590D2808279400E117F7 /* Products */ = {
			isa = PBXGroup;
			children = (
				5BA4590C2808279400E117F7 /* quadrantAssignment.app */,
				5BA459222808279600E117F7 /* quadrantAssignmentTests.xctest */,
				5BA4592C2808279600E117F7 /* quadrantAssignmentUITests.xctest */,
			);
			name = Products;
			sourceTree = "<group>";
		};
		5BA4590E2808279400E117F7 /* quadrantAssignment */ = {
			isa = PBXGroup;
			children = (
				5BA459752809BEE300E117F7 /* Extension */,
				5BA459702809B85800E117F7 /* Model */,
				5BA459662809A5F500E117F7 /* Common */,
				5BA4596128092BA900E117F7 /* Worker */,
				5BA4595E280929EC00E117F7 /* Network */,
				5BA459552809244400E117F7 /* Service */,
				5BA4594E2809073000E117F7 /* Response */,
				5BA4594228084B2D00E117F7 /* Scene */,
				5BA4593F28084A7500E117F7 /* Configurator */,
				5BA4590F2808279400E117F7 /* AppDelegate.swift */,
				5BA459112808279400E117F7 /* SceneDelegate.swift */,
				5BA459182808279600E117F7 /* Assets.xcassets */,
				5BA4591A2808279600E117F7 /* LaunchScreen.storyboard */,
				5BA4591D2808279600E117F7 /* Info.plist */,
			);
			path = quadrantAssignment;
			sourceTree = "<group>";
		};
		5BA459252808279600E117F7 /* quadrantAssignmentTests */ = {
			isa = PBXGroup;
			children = (
				5BA459262808279600E117F7 /* quadrantAssignmentTests.swift */,
			);
			path = quadrantAssignmentTests;
			sourceTree = "<group>";
		};
		5BA4592F2808279600E117F7 /* quadrantAssignmentUITests */ = {
			isa = PBXGroup;
			children = (
				5BA459302808279600E117F7 /* quadrantAssignmentUITests.swift */,
				5BA459322808279600E117F7 /* quadrantAssignmentUITestsLaunchTests.swift */,
			);
			path = quadrantAssignmentUITests;
			sourceTree = "<group>";
		};
		5BA4593F28084A7500E117F7 /* Configurator */ = {
			isa = PBXGroup;
			children = (
				5BA4594028084ACD00E117F7 /* DashboardConfigurator.swift */,
			);
			path = Configurator;
			sourceTree = "<group>";
		};
		5BA4594228084B2D00E117F7 /* Scene */ = {
			isa = PBXGroup;
			children = (
				5BA4596B2809AF3400E117F7 /* Cell */,
				5BA4594328084B3700E117F7 /* Dashboard */,
			);
			path = Scene;
			sourceTree = "<group>";
		};
		5BA4594328084B3700E117F7 /* Dashboard */ = {
			isa = PBXGroup;
			children = (
				5BA4594428084B4F00E117F7 /* DashboardPresenter.swift */,
				5BA4594528084B4F00E117F7 /* DashboardRouter.swift */,
				5BA4594628084B4F00E117F7 /* DashboardViewController.swift */,
				5BA4594728084B4F00E117F7 /* DashboardInteractor.swift */,
				5BA4594828084B4F00E117F7 /* DashboardProtocol.swift */,
				5BA4595328090B2500E117F7 /* DashboardViewController.xib */,
			);
			path = Dashboard;
			sourceTree = "<group>";
		};
		5BA4594E2809073000E117F7 /* Response */ = {
			isa = PBXGroup;
			children = (
				5BA4594F2809074500E117F7 /* CurrentPriceResponse.swift */,
				5BA45951280907A200E117F7 /* ErrorResponse.swift */,
			);
			path = Response;
			sourceTree = "<group>";
		};
		5BA459552809244400E117F7 /* Service */ = {
			isa = PBXGroup;
			children = (
				5BA459562809245100E117F7 /* DataService.swift */,
				5BA459582809247200E117F7 /* LocationService.swift */,
				5BA4595A280927E300E117F7 /* DashboardService.swift */,
				5BA4595C280929AB00E117F7 /* NetworkService.swift */,
			);
			path = Service;
			sourceTree = "<group>";
		};
		5BA4595E280929EC00E117F7 /* Network */ = {
			isa = PBXGroup;
			children = (
				5BA4595F280929F900E117F7 /* NetworkError.swift */,
			);
			path = Network;
			sourceTree = "<group>";
		};
		5BA4596128092BA900E117F7 /* Worker */ = {
			isa = PBXGroup;
			children = (
				5BA4596228092BBA00E117F7 /* DashboardWorker.swift */,
				5BA4596428092BC700E117F7 /* DashboardWorkerProtocol.swift */,
			);
			path = Worker;
			sourceTree = "<group>";
		};
		5BA459662809A5F500E117F7 /* Common */ = {
			isa = PBXGroup;
			children = (
				5BA459672809A62C00E117F7 /* AppConstant.swift */,
				5BA459692809A6D500E117F7 /* AppSetting.swift */,
				5BA459732809BE8700E117F7 /* DateFormattingConstant.swift */,
			);
			path = Common;
			sourceTree = "<group>";
		};
		5BA4596B2809AF3400E117F7 /* Cell */ = {
			isa = PBXGroup;
			children = (
				5BA4596C2809AF4C00E117F7 /* DashboardTableViewCell.swift */,
				5BA4596D2809AF4C00E117F7 /* DashboardTableViewCell.xib */,
			);
			path = Cell;
			sourceTree = "<group>";
		};
		5BA459702809B85800E117F7 /* Model */ = {
			isa = PBXGroup;
			children = (
				5BA459712809B86B00E117F7 /* PriceIndex.swift */,
			);
			path = Model;
			sourceTree = "<group>";
		};
		5BA459752809BEE300E117F7 /* Extension */ = {
			isa = PBXGroup;
			children = (
				5BA459762809BEF000E117F7 /* String.swift */,
			);
			path = Extension;
			sourceTree = "<group>";
		};
		A1BFDE4286AD091CDD83F037 /* Pods */ = {
			isa = PBXGroup;
			children = (
				6D188983BD099BCD72AC50B2 /* Pods-quadrantAssignment.debug.xcconfig */,
				163CB3D6D7F565F6CB7D67A9 /* Pods-quadrantAssignment.release.xcconfig */,
				0976044C5C9CCA084BC4E846 /* Pods-quadrantAssignment-quadrantAssignmentUITests.debug.xcconfig */,
				051EF6A4DE1E3D9104DB19A4 /* Pods-quadrantAssignment-quadrantAssignmentUITests.release.xcconfig */,
				616016EB7C45DE227142556D /* Pods-quadrantAssignmentTests.debug.xcconfig */,
				AA8AA7F9ABB9035BE597F3EB /* Pods-quadrantAssignmentTests.release.xcconfig */,
			);
			path = Pods;
			sourceTree = "<group>";
		};
		E0027D8F3BB55C0617651365 /* Frameworks */ = {
			isa = PBXGroup;
			children = (
				9DAB69C666367E5AABEC2B28 /* Pods_quadrantAssignment.framework */,
				40E75BC6CCB15EB48BD191C8 /* Pods_quadrantAssignment_quadrantAssignmentUITests.framework */,
				FA1DD1E6D2602BE06353A7D4 /* Pods_quadrantAssignmentTests.framework */,
			);
			name = Frameworks;
			sourceTree = "<group>";
		};
/* End PBXGroup section */

/* Begin PBXNativeTarget section */
		5BA4590B2808279400E117F7 /* quadrantAssignment */ = {
			isa = PBXNativeTarget;
			buildConfigurationList = 5BA459362808279600E117F7 /* Build configuration list for PBXNativeTarget "quadrantAssignment" */;
			buildPhases = (
				B19262A3ED111F280790970D /* [CP] Check Pods Manifest.lock */,
				5BA459082808279400E117F7 /* Sources */,
				5BA459092808279400E117F7 /* Frameworks */,
				5BA4590A2808279400E117F7 /* Resources */,
				A3496C47A4643B94FE1A70ED /* [CP] Embed Pods Frameworks */,
			);
			buildRules = (
			);
			dependencies = (
			);
			name = quadrantAssignment;
			productName = quadrantAssignment;
			productReference = 5BA4590C2808279400E117F7 /* quadrantAssignment.app */;
			productType = "com.apple.product-type.application";
		};
		5BA459212808279600E117F7 /* quadrantAssignmentTests */ = {
			isa = PBXNativeTarget;
			buildConfigurationList = 5BA459392808279600E117F7 /* Build configuration list for PBXNativeTarget "quadrantAssignmentTests" */;
			buildPhases = (
				7C5886454317F82A592D1C3E /* [CP] Check Pods Manifest.lock */,
				5BA4591E2808279600E117F7 /* Sources */,
				5BA4591F2808279600E117F7 /* Frameworks */,
				5BA459202808279600E117F7 /* Resources */,
				FFCC178BFCA5DBAEAC6C5907 /* [CP] Embed Pods Frameworks */,
			);
			buildRules = (
			);
			dependencies = (
				5BA459242808279600E117F7 /* PBXTargetDependency */,
			);
			name = quadrantAssignmentTests;
			productName = quadrantAssignmentTests;
			productReference = 5BA459222808279600E117F7 /* quadrantAssignmentTests.xctest */;
			productType = "com.apple.product-type.bundle.unit-test";
		};
		5BA4592B2808279600E117F7 /* quadrantAssignmentUITests */ = {
			isa = PBXNativeTarget;
			buildConfigurationList = 5BA4593C2808279600E117F7 /* Build configuration list for PBXNativeTarget "quadrantAssignmentUITests" */;
			buildPhases = (
				B3EC6F072C591CC595789F3E /* [CP] Check Pods Manifest.lock */,
				5BA459282808279600E117F7 /* Sources */,
				5BA459292808279600E117F7 /* Frameworks */,
				5BA4592A2808279600E117F7 /* Resources */,
				FC401D4C8A9F233928862F56 /* [CP] Embed Pods Frameworks */,
			);
			buildRules = (
			);
			dependencies = (
				5BA4592E2808279600E117F7 /* PBXTargetDependency */,
			);
			name = quadrantAssignmentUITests;
			productName = quadrantAssignmentUITests;
			productReference = 5BA4592C2808279600E117F7 /* quadrantAssignmentUITests.xctest */;
			productType = "com.apple.product-type.bundle.ui-testing";
		};
/* End PBXNativeTarget section */

/* Begin PBXProject section */
		5BA459042808279400E117F7 /* Project object */ = {
			isa = PBXProject;
			attributes = {
				BuildIndependentTargetsInParallel = 1;
				LastSwiftUpdateCheck = 1320;
				LastUpgradeCheck = 1320;
				TargetAttributes = {
					5BA4590B2808279400E117F7 = {
						CreatedOnToolsVersion = 13.2.1;
					};
					5BA459212808279600E117F7 = {
						CreatedOnToolsVersion = 13.2.1;
						TestTargetID = 5BA4590B2808279400E117F7;
					};
					5BA4592B2808279600E117F7 = {
						CreatedOnToolsVersion = 13.2.1;
						TestTargetID = 5BA4590B2808279400E117F7;
					};
				};
			};
			buildConfigurationList = 5BA459072808279400E117F7 /* Build configuration list for PBXProject "quadrantAssignment" */;
			compatibilityVersion = "Xcode 13.0";
			developmentRegion = en;
			hasScannedForEncodings = 0;
			knownRegions = (
				en,
				Base,
			);
			mainGroup = 5BA459032808279400E117F7;
			productRefGroup = 5BA4590D2808279400E117F7 /* Products */;
			projectDirPath = "";
			projectRoot = "";
			targets = (
				5BA4590B2808279400E117F7 /* quadrantAssignment */,
				5BA459212808279600E117F7 /* quadrantAssignmentTests */,
				5BA4592B2808279600E117F7 /* quadrantAssignmentUITests */,
			);
		};
/* End PBXProject section */

/* Begin PBXResourcesBuildPhase section */
		5BA4590A2808279400E117F7 /* Resources */ = {
			isa = PBXResourcesBuildPhase;
			buildActionMask = 2147483647;
			files = (
				5BA4591C2808279600E117F7 /* LaunchScreen.storyboard in Resources */,
				5BA459192808279600E117F7 /* Assets.xcassets in Resources */,
				5BA4596F2809AF4C00E117F7 /* DashboardTableViewCell.xib in Resources */,
				5BA4595428090B2500E117F7 /* DashboardViewController.xib in Resources */,
			);
			runOnlyForDeploymentPostprocessing = 0;
		};
		5BA459202808279600E117F7 /* Resources */ = {
			isa = PBXResourcesBuildPhase;
			buildActionMask = 2147483647;
			files = (
			);
			runOnlyForDeploymentPostprocessing = 0;
		};
		5BA4592A2808279600E117F7 /* Resources */ = {
			isa = PBXResourcesBuildPhase;
			buildActionMask = 2147483647;
			files = (
			);
			runOnlyForDeploymentPostprocessing = 0;
		};
/* End PBXResourcesBuildPhase section */

/* Begin PBXShellScriptBuildPhase section */
		7C5886454317F82A592D1C3E /* [CP] Check Pods Manifest.lock */ = {
			isa = PBXShellScriptBuildPhase;
			buildActionMask = 2147483647;
			files = (
			);
			inputFileListPaths = (
			);
			inputPaths = (
				"${PODS_PODFILE_DIR_PATH}/Podfile.lock",
				"${PODS_ROOT}/Manifest.lock",
			);
			name = "[CP] Check Pods Manifest.lock";
			outputFileListPaths = (
			);
			outputPaths = (
				"$(DERIVED_FILE_DIR)/Pods-quadrantAssignmentTests-checkManifestLockResult.txt",
			);
			runOnlyForDeploymentPostprocessing = 0;
			shellPath = /bin/sh;
			shellScript = "diff \"${PODS_PODFILE_DIR_PATH}/Podfile.lock\" \"${PODS_ROOT}/Manifest.lock\" > /dev/null\nif [ $? != 0 ] ; then\n    # print error to STDERR\n    echo \"error: The sandbox is not in sync with the Podfile.lock. Run 'pod install' or update your CocoaPods installation.\" >&2\n    exit 1\nfi\n# This output is used by Xcode 'outputs' to avoid re-running this script phase.\necho \"SUCCESS\" > \"${SCRIPT_OUTPUT_FILE_0}\"\n";
			showEnvVarsInLog = 0;
		};
		A3496C47A4643B94FE1A70ED /* [CP] Embed Pods Frameworks */ = {
			isa = PBXShellScriptBuildPhase;
			buildActionMask = 2147483647;
			files = (
			);
			inputFileListPaths = (
				"${PODS_ROOT}/Target Support Files/Pods-quadrantAssignment/Pods-quadrantAssignment-frameworks-${CONFIGURATION}-input-files.xcfilelist",
			);
			name = "[CP] Embed Pods Frameworks";
			outputFileListPaths = (
				"${PODS_ROOT}/Target Support Files/Pods-quadrantAssignment/Pods-quadrantAssignment-frameworks-${CONFIGURATION}-output-files.xcfilelist",
			);
			runOnlyForDeploymentPostprocessing = 0;
			shellPath = /bin/sh;
			shellScript = "\"${PODS_ROOT}/Target Support Files/Pods-quadrantAssignment/Pods-quadrantAssignment-frameworks.sh\"\n";
			showEnvVarsInLog = 0;
		};
		B19262A3ED111F280790970D /* [CP] Check Pods Manifest.lock */ = {
			isa = PBXShellScriptBuildPhase;
			buildActionMask = 2147483647;
			files = (
			);
			inputFileListPaths = (
			);
			inputPaths = (
				"${PODS_PODFILE_DIR_PATH}/Podfile.lock",
				"${PODS_ROOT}/Manifest.lock",
			);
			name = "[CP] Check Pods Manifest.lock";
			outputFileListPaths = (
			);
			outputPaths = (
				"$(DERIVED_FILE_DIR)/Pods-quadrantAssignment-checkManifestLockResult.txt",
			);
			runOnlyForDeploymentPostprocessing = 0;
			shellPath = /bin/sh;
			shellScript = "diff \"${PODS_PODFILE_DIR_PATH}/Podfile.lock\" \"${PODS_ROOT}/Manifest.lock\" > /dev/null\nif [ $? != 0 ] ; then\n    # print error to STDERR\n    echo \"error: The sandbox is not in sync with the Podfile.lock. Run 'pod install' or update your CocoaPods installation.\" >&2\n    exit 1\nfi\n# This output is used by Xcode 'outputs' to avoid re-running this script phase.\necho \"SUCCESS\" > \"${SCRIPT_OUTPUT_FILE_0}\"\n";
			showEnvVarsInLog = 0;
		};
		B3EC6F072C591CC595789F3E /* [CP] Check Pods Manifest.lock */ = {
			isa = PBXShellScriptBuildPhase;
			buildActionMask = 2147483647;
			files = (
			);
			inputFileListPaths = (
			);
			inputPaths = (
				"${PODS_PODFILE_DIR_PATH}/Podfile.lock",
				"${PODS_ROOT}/Manifest.lock",
			);
			name = "[CP] Check Pods Manifest.lock";
			outputFileListPaths = (
			);
			outputPaths = (
				"$(DERIVED_FILE_DIR)/Pods-quadrantAssignment-quadrantAssignmentUITests-checkManifestLockResult.txt",
			);
			runOnlyForDeploymentPostprocessing = 0;
			shellPath = /bin/sh;
			shellScript = "diff \"${PODS_PODFILE_DIR_PATH}/Podfile.lock\" \"${PODS_ROOT}/Manifest.lock\" > /dev/null\nif [ $? != 0 ] ; then\n    # print error to STDERR\n    echo \"error: The sandbox is not in sync with the Podfile.lock. Run 'pod install' or update your CocoaPods installation.\" >&2\n    exit 1\nfi\n# This output is used by Xcode 'outputs' to avoid re-running this script phase.\necho \"SUCCESS\" > \"${SCRIPT_OUTPUT_FILE_0}\"\n";
			showEnvVarsInLog = 0;
		};
		FC401D4C8A9F233928862F56 /* [CP] Embed Pods Frameworks */ = {
			isa = PBXShellScriptBuildPhase;
			buildActionMask = 2147483647;
			files = (
			);
			inputFileListPaths = (
				"${PODS_ROOT}/Target Support Files/Pods-quadrantAssignment-quadrantAssignmentUITests/Pods-quadrantAssignment-quadrantAssignmentUITests-frameworks-${CONFIGURATION}-input-files.xcfilelist",
			);
			name = "[CP] Embed Pods Frameworks";
			outputFileListPaths = (
				"${PODS_ROOT}/Target Support Files/Pods-quadrantAssignment-quadrantAssignmentUITests/Pods-quadrantAssignment-quadrantAssignmentUITests-frameworks-${CONFIGURATION}-output-files.xcfilelist",
			);
			runOnlyForDeploymentPostprocessing = 0;
			shellPath = /bin/sh;
			shellScript = "\"${PODS_ROOT}/Target Support Files/Pods-quadrantAssignment-quadrantAssignmentUITests/Pods-quadrantAssignment-quadrantAssignmentUITests-frameworks.sh\"\n";
			showEnvVarsInLog = 0;
		};
		FFCC178BFCA5DBAEAC6C5907 /* [CP] Embed Pods Frameworks */ = {
			isa = PBXShellScriptBuildPhase;
			buildActionMask = 2147483647;
			files = (
			);
			inputFileListPaths = (
				"${PODS_ROOT}/Target Support Files/Pods-quadrantAssignmentTests/Pods-quadrantAssignmentTests-frameworks-${CONFIGURATION}-input-files.xcfilelist",
			);
			name = "[CP] Embed Pods Frameworks";
			outputFileListPaths = (
				"${PODS_ROOT}/Target Support Files/Pods-quadrantAssignmentTests/Pods-quadrantAssignmentTests-frameworks-${CONFIGURATION}-output-files.xcfilelist",
			);
			runOnlyForDeploymentPostprocessing = 0;
			shellPath = /bin/sh;
			shellScript = "\"${PODS_ROOT}/Target Support Files/Pods-quadrantAssignmentTests/Pods-quadrantAssignmentTests-frameworks.sh\"\n";
			showEnvVarsInLog = 0;
		};
/* End PBXShellScriptBuildPhase section */

/* Begin PBXSourcesBuildPhase section */
		5BA459082808279400E117F7 /* Sources */ = {
			isa = PBXSourcesBuildPhase;
			buildActionMask = 2147483647;
			files = (
				5BA4594B28084B4F00E117F7 /* DashboardViewController.swift in Sources */,
				5BA4594A28084B4F00E117F7 /* DashboardRouter.swift in Sources */,
				5BA459772809BEF000E117F7 /* String.swift in Sources */,
				5BA459682809A62C00E117F7 /* AppConstant.swift in Sources */,
				5BA4596328092BBA00E117F7 /* DashboardWorker.swift in Sources */,
				5BA459742809BE8700E117F7 /* DateFormattingConstant.swift in Sources */,
				5BA4594928084B4F00E117F7 /* DashboardPresenter.swift in Sources */,
				5BA4594128084ACD00E117F7 /* DashboardConfigurator.swift in Sources */,
				5BA4594D28084B4F00E117F7 /* DashboardProtocol.swift in Sources */,
				5BA459572809245100E117F7 /* DataService.swift in Sources */,
				5BA4595D280929AB00E117F7 /* NetworkService.swift in Sources */,
				5BA4596A2809A6D500E117F7 /* AppSetting.swift in Sources */,
				5BA459102808279400E117F7 /* AppDelegate.swift in Sources */,
				5BA4595B280927E300E117F7 /* DashboardService.swift in Sources */,
				5BA45960280929F900E117F7 /* NetworkError.swift in Sources */,
				5BA459122808279400E117F7 /* SceneDelegate.swift in Sources */,
				5BA459722809B86B00E117F7 /* PriceIndex.swift in Sources */,
				5BA4596E2809AF4C00E117F7 /* DashboardTableViewCell.swift in Sources */,
				5BA45952280907A200E117F7 /* ErrorResponse.swift in Sources */,
				5BA4596528092BC700E117F7 /* DashboardWorkerProtocol.swift in Sources */,
				5BA459502809074500E117F7 /* CurrentPriceResponse.swift in Sources */,
				5BA459592809247200E117F7 /* LocationService.swift in Sources */,
				5BA4594C28084B4F00E117F7 /* DashboardInteractor.swift in Sources */,
			);
			runOnlyForDeploymentPostprocessing = 0;
		};
		5BA4591E2808279600E117F7 /* Sources */ = {
			isa = PBXSourcesBuildPhase;
			buildActionMask = 2147483647;
			files = (
				5BA459272808279600E117F7 /* quadrantAssignmentTests.swift in Sources */,
			);
			runOnlyForDeploymentPostprocessing = 0;
		};
		5BA459282808279600E117F7 /* Sources */ = {
			isa = PBXSourcesBuildPhase;
			buildActionMask = 2147483647;
			files = (
				5BA459312808279600E117F7 /* quadrantAssignmentUITests.swift in Sources */,
				5BA459332808279600E117F7 /* quadrantAssignmentUITestsLaunchTests.swift in Sources */,
			);
			runOnlyForDeploymentPostprocessing = 0;
		};
/* End PBXSourcesBuildPhase section */

/* Begin PBXTargetDependency section */
		5BA459242808279600E117F7 /* PBXTargetDependency */ = {
			isa = PBXTargetDependency;
			target = 5BA4590B2808279400E117F7 /* quadrantAssignment */;
			targetProxy = 5BA459232808279600E117F7 /* PBXContainerItemProxy */;
		};
		5BA4592E2808279600E117F7 /* PBXTargetDependency */ = {
			isa = PBXTargetDependency;
			target = 5BA4590B2808279400E117F7 /* quadrantAssignment */;
			targetProxy = 5BA4592D2808279600E117F7 /* PBXContainerItemProxy */;
		};
/* End PBXTargetDependency section */

/* Begin PBXVariantGroup section */
		5BA4591A2808279600E117F7 /* LaunchScreen.storyboard */ = {
			isa = PBXVariantGroup;
			children = (
				5BA4591B2808279600E117F7 /* Base */,
			);
			name = LaunchScreen.storyboard;
			sourceTree = "<group>";
		};
/* End PBXVariantGroup section */

/* Begin XCBuildConfiguration section */
		5BA459342808279600E117F7 /* Debug */ = {
			isa = XCBuildConfiguration;
			buildSettings = {
				ALWAYS_SEARCH_USER_PATHS = NO;
				CLANG_ANALYZER_NONNULL = YES;
				CLANG_ANALYZER_NUMBER_OBJECT_CONVERSION = YES_AGGRESSIVE;
				CLANG_CXX_LANGUAGE_STANDARD = "gnu++17";
				CLANG_CXX_LIBRARY = "libc++";
				CLANG_ENABLE_MODULES = YES;
				CLANG_ENABLE_OBJC_ARC = YES;
				CLANG_ENABLE_OBJC_WEAK = YES;
				CLANG_WARN_BLOCK_CAPTURE_AUTORELEASING = YES;
				CLANG_WARN_BOOL_CONVERSION = YES;
				CLANG_WARN_COMMA = YES;
				CLANG_WARN_CONSTANT_CONVERSION = YES;
				CLANG_WARN_DEPRECATED_OBJC_IMPLEMENTATIONS = YES;
				CLANG_WARN_DIRECT_OBJC_ISA_USAGE = YES_ERROR;
				CLANG_WARN_DOCUMENTATION_COMMENTS = YES;
				CLANG_WARN_EMPTY_BODY = YES;
				CLANG_WARN_ENUM_CONVERSION = YES;
				CLANG_WARN_INFINITE_RECURSION = YES;
				CLANG_WARN_INT_CONVERSION = YES;
				CLANG_WARN_NON_LITERAL_NULL_CONVERSION = YES;
				CLANG_WARN_OBJC_IMPLICIT_RETAIN_SELF = YES;
				CLANG_WARN_OBJC_LITERAL_CONVERSION = YES;
				CLANG_WARN_OBJC_ROOT_CLASS = YES_ERROR;
				CLANG_WARN_QUOTED_INCLUDE_IN_FRAMEWORK_HEADER = YES;
				CLANG_WARN_RANGE_LOOP_ANALYSIS = YES;
				CLANG_WARN_STRICT_PROTOTYPES = YES;
				CLANG_WARN_SUSPICIOUS_MOVE = YES;
				CLANG_WARN_UNGUARDED_AVAILABILITY = YES_AGGRESSIVE;
				CLANG_WARN_UNREACHABLE_CODE = YES;
				CLANG_WARN__DUPLICATE_METHOD_MATCH = YES;
				COPY_PHASE_STRIP = NO;
				DEBUG_INFORMATION_FORMAT = dwarf;
				ENABLE_STRICT_OBJC_MSGSEND = YES;
				ENABLE_TESTABILITY = YES;
				GCC_C_LANGUAGE_STANDARD = gnu11;
				GCC_DYNAMIC_NO_PIC = NO;
				GCC_NO_COMMON_BLOCKS = YES;
				GCC_OPTIMIZATION_LEVEL = 0;
				GCC_PREPROCESSOR_DEFINITIONS = (
					"DEBUG=1",
					"$(inherited)",
				);
				GCC_WARN_64_TO_32_BIT_CONVERSION = YES;
				GCC_WARN_ABOUT_RETURN_TYPE = YES_ERROR;
				GCC_WARN_UNDECLARED_SELECTOR = YES;
				GCC_WARN_UNINITIALIZED_AUTOS = YES_AGGRESSIVE;
				GCC_WARN_UNUSED_FUNCTION = YES;
				GCC_WARN_UNUSED_VARIABLE = YES;
				IPHONEOS_DEPLOYMENT_TARGET = 15.2;
				MTL_ENABLE_DEBUG_INFO = INCLUDE_SOURCE;
				MTL_FAST_MATH = YES;
				ONLY_ACTIVE_ARCH = YES;
				SDKROOT = iphoneos;
				SWIFT_ACTIVE_COMPILATION_CONDITIONS = DEBUG;
				SWIFT_OPTIMIZATION_LEVEL = "-Onone";
			};
			name = Debug;
		};
		5BA459352808279600E117F7 /* Release */ = {
			isa = XCBuildConfiguration;
			buildSettings = {
				ALWAYS_SEARCH_USER_PATHS = NO;
				CLANG_ANALYZER_NONNULL = YES;
				CLANG_ANALYZER_NUMBER_OBJECT_CONVERSION = YES_AGGRESSIVE;
				CLANG_CXX_LANGUAGE_STANDARD = "gnu++17";
				CLANG_CXX_LIBRARY = "libc++";
				CLANG_ENABLE_MODULES = YES;
				CLANG_ENABLE_OBJC_ARC = YES;
				CLANG_ENABLE_OBJC_WEAK = YES;
				CLANG_WARN_BLOCK_CAPTURE_AUTORELEASING = YES;
				CLANG_WARN_BOOL_CONVERSION = YES;
				CLANG_WARN_COMMA = YES;
				CLANG_WARN_CONSTANT_CONVERSION = YES;
				CLANG_WARN_DEPRECATED_OBJC_IMPLEMENTATIONS = YES;
				CLANG_WARN_DIRECT_OBJC_ISA_USAGE = YES_ERROR;
				CLANG_WARN_DOCUMENTATION_COMMENTS = YES;
				CLANG_WARN_EMPTY_BODY = YES;
				CLANG_WARN_ENUM_CONVERSION = YES;
				CLANG_WARN_INFINITE_RECURSION = YES;
				CLANG_WARN_INT_CONVERSION = YES;
				CLANG_WARN_NON_LITERAL_NULL_CONVERSION = YES;
				CLANG_WARN_OBJC_IMPLICIT_RETAIN_SELF = YES;
				CLANG_WARN_OBJC_LITERAL_CONVERSION = YES;
				CLANG_WARN_OBJC_ROOT_CLASS = YES_ERROR;
				CLANG_WARN_QUOTED_INCLUDE_IN_FRAMEWORK_HEADER = YES;
				CLANG_WARN_RANGE_LOOP_ANALYSIS = YES;
				CLANG_WARN_STRICT_PROTOTYPES = YES;
				CLANG_WARN_SUSPICIOUS_MOVE = YES;
				CLANG_WARN_UNGUARDED_AVAILABILITY = YES_AGGRESSIVE;
				CLANG_WARN_UNREACHABLE_CODE = YES;
				CLANG_WARN__DUPLICATE_METHOD_MATCH = YES;
				COPY_PHASE_STRIP = NO;
				DEBUG_INFORMATION_FORMAT = "dwarf-with-dsym";
				ENABLE_NS_ASSERTIONS = NO;
				ENABLE_STRICT_OBJC_MSGSEND = YES;
				GCC_C_LANGUAGE_STANDARD = gnu11;
				GCC_NO_COMMON_BLOCKS = YES;
				GCC_WARN_64_TO_32_BIT_CONVERSION = YES;
				GCC_WARN_ABOUT_RETURN_TYPE = YES_ERROR;
				GCC_WARN_UNDECLARED_SELECTOR = YES;
				GCC_WARN_UNINITIALIZED_AUTOS = YES_AGGRESSIVE;
				GCC_WARN_UNUSED_FUNCTION = YES;
				GCC_WARN_UNUSED_VARIABLE = YES;
				IPHONEOS_DEPLOYMENT_TARGET = 15.2;
				MTL_ENABLE_DEBUG_INFO = NO;
				MTL_FAST_MATH = YES;
				SDKROOT = iphoneos;
				SWIFT_COMPILATION_MODE = wholemodule;
				SWIFT_OPTIMIZATION_LEVEL = "-O";
				VALIDATE_PRODUCT = YES;
			};
			name = Release;
		};
		5BA459372808279600E117F7 /* Debug */ = {
			isa = XCBuildConfiguration;
			baseConfigurationReference = 6D188983BD099BCD72AC50B2 /* Pods-quadrantAssignment.debug.xcconfig */;
			buildSettings = {
				ASSETCATALOG_COMPILER_APPICON_NAME = AppIcon;
				ASSETCATALOG_COMPILER_GLOBAL_ACCENT_COLOR_NAME = AccentColor;
				CODE_SIGN_STYLE = Automatic;
				CURRENT_PROJECT_VERSION = 1;
				DEVELOPMENT_TEAM = 5H589R53ZA;
				GENERATE_INFOPLIST_FILE = YES;
				INFOPLIST_FILE = quadrantAssignment/Info.plist;
				INFOPLIST_KEY_NSLocationAlwaysAndWhenInUseUsageDescription = "Access Location is needed";
				INFOPLIST_KEY_NSLocationWhenInUseUsageDescription = "Access Location is needed";
				INFOPLIST_KEY_UIApplicationSupportsIndirectInputEvents = YES;
				INFOPLIST_KEY_UILaunchStoryboardName = LaunchScreen;
				INFOPLIST_KEY_UISupportedInterfaceOrientations = UIInterfaceOrientationPortrait;
				INFOPLIST_KEY_UISupportedInterfaceOrientations_iPad = "UIInterfaceOrientationPortrait UIInterfaceOrientationPortraitUpsideDown UIInterfaceOrientationLandscapeLeft UIInterfaceOrientationLandscapeRight";
				INFOPLIST_KEY_UISupportedInterfaceOrientations_iPhone = "UIInterfaceOrientationPortrait UIInterfaceOrientationLandscapeLeft UIInterfaceOrientationLandscapeRight";
				LD_RUNPATH_SEARCH_PATHS = (
					"$(inherited)",
					"@executable_path/Frameworks",
				);
				MARKETING_VERSION = 1.0;
				PRODUCT_BUNDLE_IDENTIFIER = com.danielwijono.quadrantAssignment;
				PRODUCT_NAME = "$(TARGET_NAME)";
				SWIFT_EMIT_LOC_STRINGS = YES;
				SWIFT_VERSION = 5.0;
				TARGETED_DEVICE_FAMILY = 1;
			};
			name = Debug;
		};
		5BA459382808279600E117F7 /* Release */ = {
			isa = XCBuildConfiguration;
			baseConfigurationReference = 163CB3D6D7F565F6CB7D67A9 /* Pods-quadrantAssignment.release.xcconfig */;
			buildSettings = {
				ASSETCATALOG_COMPILER_APPICON_NAME = AppIcon;
				ASSETCATALOG_COMPILER_GLOBAL_ACCENT_COLOR_NAME = AccentColor;
				CODE_SIGN_STYLE = Automatic;
				CURRENT_PROJECT_VERSION = 1;
				DEVELOPMENT_TEAM = 5H589R53ZA;
				GENERATE_INFOPLIST_FILE = YES;
				INFOPLIST_FILE = quadrantAssignment/Info.plist;
				INFOPLIST_KEY_NSLocationAlwaysAndWhenInUseUsageDescription = "Access Location is needed";
				INFOPLIST_KEY_NSLocationWhenInUseUsageDescription = "Access Location is needed";
				INFOPLIST_KEY_UIApplicationSupportsIndirectInputEvents = YES;
				INFOPLIST_KEY_UILaunchStoryboardName = LaunchScreen;
				INFOPLIST_KEY_UISupportedInterfaceOrientations = UIInterfaceOrientationPortrait;
				INFOPLIST_KEY_UISupportedInterfaceOrientations_iPad = "UIInterfaceOrientationPortrait UIInterfaceOrientationPortraitUpsideDown UIInterfaceOrientationLandscapeLeft UIInterfaceOrientationLandscapeRight";
				INFOPLIST_KEY_UISupportedInterfaceOrientations_iPhone = "UIInterfaceOrientationPortrait UIInterfaceOrientationLandscapeLeft UIInterfaceOrientationLandscapeRight";
				LD_RUNPATH_SEARCH_PATHS = (
					"$(inherited)",
					"@executable_path/Frameworks",
				);
				MARKETING_VERSION = 1.0;
				PRODUCT_BUNDLE_IDENTIFIER = com.danielwijono.quadrantAssignment;
				PRODUCT_NAME = "$(TARGET_NAME)";
				SWIFT_EMIT_LOC_STRINGS = YES;
				SWIFT_VERSION = 5.0;
				TARGETED_DEVICE_FAMILY = 1;
			};
			name = Release;
		};
		5BA4593A2808279600E117F7 /* Debug */ = {
			isa = XCBuildConfiguration;
			baseConfigurationReference = 616016EB7C45DE227142556D /* Pods-quadrantAssignmentTests.debug.xcconfig */;
			buildSettings = {
				ALWAYS_EMBED_SWIFT_STANDARD_LIBRARIES = YES;
				BUNDLE_LOADER = "$(TEST_HOST)";
				CODE_SIGN_STYLE = Automatic;
				CURRENT_PROJECT_VERSION = 1;
				DEVELOPMENT_TEAM = 5H589R53ZA;
				GENERATE_INFOPLIST_FILE = YES;
				IPHONEOS_DEPLOYMENT_TARGET = 15.2;
				MARKETING_VERSION = 1.0;
				PRODUCT_BUNDLE_IDENTIFIER = com.danielwijono.quadrantAssignmentTests;
				PRODUCT_NAME = "$(TARGET_NAME)";
				SWIFT_EMIT_LOC_STRINGS = NO;
				SWIFT_VERSION = 5.0;
				TARGETED_DEVICE_FAMILY = "1,2";
				TEST_HOST = "$(BUILT_PRODUCTS_DIR)/quadrantAssignment.app/quadrantAssignment";
			};
			name = Debug;
		};
		5BA4593B2808279600E117F7 /* Release */ = {
			isa = XCBuildConfiguration;
			baseConfigurationReference = AA8AA7F9ABB9035BE597F3EB /* Pods-quadrantAssignmentTests.release.xcconfig */;
			buildSettings = {
				ALWAYS_EMBED_SWIFT_STANDARD_LIBRARIES = YES;
				BUNDLE_LOADER = "$(TEST_HOST)";
				CODE_SIGN_STYLE = Automatic;
				CURRENT_PROJECT_VERSION = 1;
				DEVELOPMENT_TEAM = 5H589R53ZA;
				GENERATE_INFOPLIST_FILE = YES;
				IPHONEOS_DEPLOYMENT_TARGET = 15.2;
				MARKETING_VERSION = 1.0;
				PRODUCT_BUNDLE_IDENTIFIER = com.danielwijono.quadrantAssignmentTests;
				PRODUCT_NAME = "$(TARGET_NAME)";
				SWIFT_EMIT_LOC_STRINGS = NO;
				SWIFT_VERSION = 5.0;
				TARGETED_DEVICE_FAMILY = "1,2";
				TEST_HOST = "$(BUILT_PRODUCTS_DIR)/quadrantAssignment.app/quadrantAssignment";
			};
			name = Release;
		};
		5BA4593D2808279600E117F7 /* Debug */ = {
			isa = XCBuildConfiguration;
			baseConfigurationReference = 0976044C5C9CCA084BC4E846 /* Pods-quadrantAssignment-quadrantAssignmentUITests.debug.xcconfig */;
			buildSettings = {
				ALWAYS_EMBED_SWIFT_STANDARD_LIBRARIES = YES;
				CODE_SIGN_STYLE = Automatic;
				CURRENT_PROJECT_VERSION = 1;
				DEVELOPMENT_TEAM = 5H589R53ZA;
				GENERATE_INFOPLIST_FILE = YES;
				MARKETING_VERSION = 1.0;
				PRODUCT_BUNDLE_IDENTIFIER = com.danielwijono.quadrantAssignmentUITests;
				PRODUCT_NAME = "$(TARGET_NAME)";
				SWIFT_EMIT_LOC_STRINGS = NO;
				SWIFT_VERSION = 5.0;
				TARGETED_DEVICE_FAMILY = "1,2";
				TEST_TARGET_NAME = quadrantAssignment;
			};
			name = Debug;
		};
		5BA4593E2808279600E117F7 /* Release */ = {
			isa = XCBuildConfiguration;
			baseConfigurationReference = 051EF6A4DE1E3D9104DB19A4 /* Pods-quadrantAssignment-quadrantAssignmentUITests.release.xcconfig */;
			buildSettings = {
				ALWAYS_EMBED_SWIFT_STANDARD_LIBRARIES = YES;
				CODE_SIGN_STYLE = Automatic;
				CURRENT_PROJECT_VERSION = 1;
				DEVELOPMENT_TEAM = 5H589R53ZA;
				GENERATE_INFOPLIST_FILE = YES;
				MARKETING_VERSION = 1.0;
				PRODUCT_BUNDLE_IDENTIFIER = com.danielwijono.quadrantAssignmentUITests;
				PRODUCT_NAME = "$(TARGET_NAME)";
				SWIFT_EMIT_LOC_STRINGS = NO;
				SWIFT_VERSION = 5.0;
				TARGETED_DEVICE_FAMILY = "1,2";
				TEST_TARGET_NAME = quadrantAssignment;
			};
			name = Release;
		};
/* End XCBuildConfiguration section */

/* Begin XCConfigurationList section */
		5BA459072808279400E117F7 /* Build configuration list for PBXProject "quadrantAssignment" */ = {
			isa = XCConfigurationList;
			buildConfigurations = (
				5BA459342808279600E117F7 /* Debug */,
				5BA459352808279600E117F7 /* Release */,
			);
			defaultConfigurationIsVisible = 0;
			defaultConfigurationName = Release;
		};
		5BA459362808279600E117F7 /* Build configuration list for PBXNativeTarget "quadrantAssignment" */ = {
			isa = XCConfigurationList;
			buildConfigurations = (
				5BA459372808279600E117F7 /* Debug */,
				5BA459382808279600E117F7 /* Release */,
			);
			defaultConfigurationIsVisible = 0;
			defaultConfigurationName = Release;
		};
		5BA459392808279600E117F7 /* Build configuration list for PBXNativeTarget "quadrantAssignmentTests" */ = {
			isa = XCConfigurationList;
			buildConfigurations = (
				5BA4593A2808279600E117F7 /* Debug */,
				5BA4593B2808279600E117F7 /* Release */,
			);
			defaultConfigurationIsVisible = 0;
			defaultConfigurationName = Release;
		};
		5BA4593C2808279600E117F7 /* Build configuration list for PBXNativeTarget "quadrantAssignmentUITests" */ = {
			isa = XCConfigurationList;
			buildConfigurations = (
				5BA4593D2808279600E117F7 /* Debug */,
				5BA4593E2808279600E117F7 /* Release */,
			);
			defaultConfigurationIsVisible = 0;
			defaultConfigurationName = Release;
		};
/* End XCConfigurationList section */
	};
	rootObject = 5BA459042808279400E117F7 /* Project object */;
}
